
Microsoft Visual Studio Solution File, Format Version 12.00
# Visual Studio Version 17
VisualStudioVersion = 17.4.33213.308
MinimumVisualStudioVersion = 10.0.40219.1
Project("{FAE04EC0-301F-11D3-BF4B-00C04F79EFBC}") = "Wed_BisSchool", "Wed_BisSchool\Wed_BisSchool.csproj", "{FD001A74-A150-4155-AB08-3E05E4702747}"
EndProject
Global
	GlobalSection(SolutionConfigurationPlatforms) = preSolution
		Debug|Any CPU = Debug|Any CPU
		Release|Any CPU = Release|Any CPU
	EndGlobalSection
	GlobalSection(ProjectConfigurationPlatforms) = postSolution
		{FD001A74-A150-4155-AB08-3E05E4702747}.Debug|Any CPU.ActiveCfg = Debug|Any CPU
		{FD001A74-A150-4155-AB08-3E05E4702747}.Debug|Any CPU.Build.0 = Debug|Any CPU
		{FD001A74-A150-4155-AB08-3E05E4702747}.Release|Any CPU.ActiveCfg = Release|Any CPU
		{FD001A74-A150-4155-AB08-3E05E4702747}.Release|Any CPU.Build.0 = Release|Any CPU
	EndGlobalSection
	GlobalSection(SolutionProperties) = preSolution
		HideSolutionNode = FALSE
	EndGlobalSection
	GlobalSection(ExtensibilityGlobals) = postSolution
		SolutionGuid = {6DFA0E20-2E64-4B8E-970F-BBE7813D88DD}
	EndGlobalSection
EndGlobal
